
Microsoft Visual Studio Solution File, Format Version 12.00
# Visual Studio Version 17
VisualStudioVersion = 17.4.33213.308
MinimumVisualStudioVersion = 10.0.40219.1
Project("{FAE04EC0-301F-11D3-BF4B-00C04F79EFBC}") = "Monogame Game", "Monogame Game.csproj", "{CBF65AA7-8DF0-478E-B211-C19591D21C4B}"
EndProject
Global
	GlobalSection(SolutionConfigurationPlatforms) = preSolution
		Debug|Any CPU = Debug|Any CPU
		Release|Any CPU = Release|Any CPU
	EndGlobalSection
	GlobalSection(ProjectConfigurationPlatforms) = postSolution
		{CBF65AA7-8DF0-478E-B211-C19591D21C4B}.Debug|Any CPU.ActiveCfg = Debug|Any CPU
		{CBF65AA7-8DF0-478E-B211-C19591D21C4B}.Debug|Any CPU.Build.0 = Debug|Any CPU
		{CBF65AA7-8DF0-478E-B211-C19591D21C4B}.Release|Any CPU.ActiveCfg = Release|Any CPU
		{CBF65AA7-8DF0-478E-B211-C19591D21C4B}.Release|Any CPU.Build.0 = Release|Any CPU
	EndGlobalSection
	GlobalSection(SolutionProperties) = preSolution
		HideSolutionNode = FALSE
	EndGlobalSection
	GlobalSection(ExtensibilityGlobals) = postSolution
		SolutionGuid = {1C9B2BFC-67E0-462F-980A-90291206376E}
	EndGlobalSection
EndGlobal
